lockfileVersion: '9.0'

settings:
  autoInstallPeers: true
  excludeLinksFromLockfile: false

importers:

  .:
    dependencies:
      js-yaml:
        specifier: ^4.1.0
        version: 4.1.0
      ral-to-hex:
        specifier: ^0.0.0
        version: 0.0.0

packages:

  argparse@2.0.1:
    resolution: {integrity: sha512-8+9WqebbFzpX9OR+Wa6O29asIogeRMzcGtAINdpMHHyAg10f05aSFVBbcEqGf/PXw1EjAZ+q2/bEBg3DvurK3Q==}

  js-yaml@4.1.0:
    resolution: {integrity: sha512-wpxZs9NoxZaJESJGIZTyDEaYpl0FKSA+FB9aJiyemKhMwkxQg63h4T1KJgUGHpTqPDNRcmmYLugrRjJlBtWvRA==}
    hasBin: true

  ral-to-hex@0.0.0:
    resolution: {integrity: sha512-hRNfWiFL04KTdkkUb98pSAynAyDEeX+hdgzNPN41P077g8yIGY/Z7b4A23q1akLWTx6B32068DMCOLZwn73a+w==}
    engines: {node: '>=6'}

snapshots:

  argparse@2.0.1: {}

  js-yaml@4.1.0:
    dependencies:
      argparse: 2.0.1

  ral-to-hex@0.0.0: {}
